
Microsoft Visual Studio Solution File, Format Version 12.00
# Visual Studio Version 17
VisualStudioVersion = 17.0.32112.339
MinimumVisualStudioVersion = 10.0.40219.1
Project("{8BC9CEB8-8B4A-11D0-8D11-00A0C91BC942}") = "lab.3.3C", "lab.3.3C\lab.3.3C.vcxproj", "{668F33B8-226D-4FA6-B6B3-9A995D8E91E8}"
EndProject
Project("{8BC9CEB8-8B4A-11D0-8D11-00A0C91BC942}") = "UnitTest1", "UnitTest1\UnitTest1.vcxproj", "{2667ACA8-EE64-44A8-89B2-BD996150853C}"
EndProject
Global
	GlobalSection(SolutionConfigurationPlatforms) = preSolution
		Debug|x64 = Debug|x64
		Debug|x86 = Debug|x86
		Release|x64 = Release|x64
		Release|x86 = Release|x86
	EndGlobalSection
	GlobalSection(ProjectConfigurationPlatforms) = postSolution
		{668F33B8-226D-4FA6-B6B3-9A995D8E91E8}.Debug|x64.ActiveCfg = Debug|x64
		{668F33B8-226D-4FA6-B6B3-9A995D8E91E8}.Debug|x64.Build.0 = Debug|x64
		{668F33B8-226D-4FA6-B6B3-9A995D8E91E8}.Debug|x86.ActiveCfg = Debug|Win32
		{668F33B8-226D-4FA6-B6B3-9A995D8E91E8}.Debug|x86.Build.0 = Debug|Win32
		{668F33B8-226D-4FA6-B6B3-9A995D8E91E8}.Release|x64.ActiveCfg = Release|x64
		{668F33B8-226D-4FA6-B6B3-9A995D8E91E8}.Release|x64.Build.0 = Release|x64
		{668F33B8-226D-4FA6-B6B3-9A995D8E91E8}.Release|x86.ActiveCfg = Release|Win32
		{668F33B8-226D-4FA6-B6B3-9A995D8E91E8}.Release|x86.Build.0 = Release|Win32
		{2667ACA8-EE64-44A8-89B2-BD996150853C}.Debug|x64.ActiveCfg = Debug|x64
		{2667ACA8-EE64-44A8-89B2-BD996150853C}.Debug|x64.Build.0 = Debug|x64
		{2667ACA8-EE64-44A8-89B2-BD996150853C}.Debug|x86.ActiveCfg = Debug|Win32
		{2667ACA8-EE64-44A8-89B2-BD996150853C}.Debug|x86.Build.0 = Debug|Win32
		{2667ACA8-EE64-44A8-89B2-BD996150853C}.Release|x64.ActiveCfg = Release|x64
		{2667ACA8-EE64-44A8-89B2-BD996150853C}.Release|x64.Build.0 = Release|x64
		{2667ACA8-EE64-44A8-89B2-BD996150853C}.Release|x86.ActiveCfg = Release|Win32
		{2667ACA8-EE64-44A8-89B2-BD996150853C}.Release|x86.Build.0 = Release|Win32
	EndGlobalSection
	GlobalSection(SolutionProperties) = preSolution
		HideSolutionNode = FALSE
	EndGlobalSection
	GlobalSection(ExtensibilityGlobals) = postSolution
		SolutionGuid = {42AB6A6B-D712-42DC-8931-8BE0EBBBFFFB}
	EndGlobalSection
EndGlobal
